
Microsoft Visual Studio Solution File, Format Version 12.00
# Visual Studio Version 16
VisualStudioVersion = 16.0.30804.86
MinimumVisualStudioVersion = 10.0.40219.1
Project("{9A19103F-16F7-4668-BE54-9A1E7A4F7556}") = "SteamAccountSwitcher_Refactor", "SteamAccountSwitcher_Refactor\SteamAccountSwitcher_Refactor.csproj", "{BBA06BF0-6562-422D-BEC7-A7368F04CC00}"
EndProject
Project("{FAE04EC0-301F-11D3-BF4B-00C04F79EFBC}") = "WonkyUtils", "WonkyUtils\WonkyUtils.csproj", "{7852FBD6-A8BD-4256-8FC5-34BD765F4AAB}"
EndProject
Global
	GlobalSection(SolutionConfigurationPlatforms) = preSolution
		Debug|Any CPU = Debug|Any CPU
		Release|Any CPU = Release|Any CPU
	EndGlobalSection
	GlobalSection(ProjectConfigurationPlatforms) = postSolution
		{BBA06BF0-6562-422D-BEC7-A7368F04CC00}.Debug|Any CPU.ActiveCfg = Debug|Any CPU
		{BBA06BF0-6562-422D-BEC7-A7368F04CC00}.Debug|Any CPU.Build.0 = Debug|Any CPU
		{BBA06BF0-6562-422D-BEC7-A7368F04CC00}.Release|Any CPU.ActiveCfg = Release|Any CPU
		{BBA06BF0-6562-422D-BEC7-A7368F04CC00}.Release|Any CPU.Build.0 = Release|Any CPU
		{7852FBD6-A8BD-4256-8FC5-34BD765F4AAB}.Debug|Any CPU.ActiveCfg = Debug|Any CPU
		{7852FBD6-A8BD-4256-8FC5-34BD765F4AAB}.Debug|Any CPU.Build.0 = Debug|Any CPU
		{7852FBD6-A8BD-4256-8FC5-34BD765F4AAB}.Release|Any CPU.ActiveCfg = Release|Any CPU
		{7852FBD6-A8BD-4256-8FC5-34BD765F4AAB}.Release|Any CPU.Build.0 = Release|Any CPU
	EndGlobalSection
	GlobalSection(SolutionProperties) = preSolution
		HideSolutionNode = FALSE
	EndGlobalSection
	GlobalSection(ExtensibilityGlobals) = postSolution
		SolutionGuid = {A3EB5723-3479-4D42-B7BD-E479EE40001C}
	EndGlobalSection
EndGlobal
